// !$*UTF8*$!
{
	archiveVersion = 1;
	classes = {
	};
	objectVersion = 50;
	objects = {

/* Begin PBXBuildFile section */
		9908207321776027005C0F05 /* verbose1.png in Resources */ = {isa = PBXBuildFile; fileRef = 9908207021776027005C0F05 /* verbose1.png */; };
		9908207421776027005C0F05 /* verbose3.png in Resources */ = {isa = PBXBuildFile; fileRef = 9908207121776027005C0F05 /* verbose3.png */; };
		9908207521776027005C0F05 /* verbose2.png in Resources */ = {isa = PBXBuildFile; fileRef = 9908207221776027005C0F05 /* verbose2.png */; };
		9966CDC02176452B00B6B694 /* AppDelegate.swift in Sources */ = {isa = PBXBuildFile; fileRef = 9966CDBF2176452B00B6B694 /* AppDelegate.swift */; };
		9966CDC22176452B00B6B694 /* ViewController.swift in Sources */ = {isa = PBXBuildFile; fileRef = 9966CDC12176452B00B6B694 /* ViewController.swift */; };
		9966CDC52176452B00B6B694 /* Main.storyboard in Resources */ = {isa = PBXBuildFile; fileRef = 9966CDC32176452B00B6B694 /* Main.storyboard */; };
		9966CDC72176452C00B6B694 /* Assets.xcassets in Resources */ = {isa = PBXBuildFile; fileRef = 9966CDC62176452C00B6B694 /* Assets.xcassets */; };
		9966CDCA2176452C00B6B694 /* LaunchScreen.storyboard in Resources */ = {isa = PBXBuildFile; fileRef = 9966CDC82176452C00B6B694 /* LaunchScreen.storyboard */; };
		9966CDCF2176452C00B6B694 /* TimeBoard WatchKit App.app in Embed Watch Content */ = {isa = PBXBuildFile; fileRef = 9966CDCE2176452C00B6B694 /* TimeBoard WatchKit App.app */; };
		9966CDD52176452C00B6B694 /* Interface.storyboard in Resources */ = {isa = PBXBuildFile; fileRef = 9966CDD32176452C00B6B694 /* Interface.storyboard */; };
		9966CDD72176452D00B6B694 /* Assets.xcassets in Resources */ = {isa = PBXBuildFile; fileRef = 9966CDD62176452D00B6B694 /* Assets.xcassets */; };
		9966CDDE2176452D00B6B694 /* TimeBoard WatchKit Extension.appex in Embed App Extensions */ = {isa = PBXBuildFile; fileRef = 9966CDDD2176452D00B6B694 /* TimeBoard WatchKit Extension.appex */; settings = {ATTRIBUTES = (RemoveHeadersOnCopy, ); }; };
		9966CDE32176452D00B6B694 /* InterfaceController.swift in Sources */ = {isa = PBXBuildFile; fileRef = 9966CDE22176452D00B6B694 /* InterfaceController.swift */; };
		9966CDE52176452D00B6B694 /* ExtensionDelegate.swift in Sources */ = {isa = PBXBuildFile; fileRef = 9966CDE42176452D00B6B694 /* ExtensionDelegate.swift */; };
		9966CDE72176452D00B6B694 /* ComplicationController.swift in Sources */ = {isa = PBXBuildFile; fileRef = 9966CDE62176452D00B6B694 /* ComplicationController.swift */; };
		9966CDE92176452D00B6B694 /* Assets.xcassets in Resources */ = {isa = PBXBuildFile; fileRef = 9966CDE82176452D00B6B694 /* Assets.xcassets */; };
		9966CE042176465A00B6B694 /* BebasNeue Bold.otf in Resources */ = {isa = PBXBuildFile; fileRef = 9966CDFD2176465A00B6B694 /* BebasNeue Bold.otf */; };
		9966CE052176465A00B6B694 /* BebasNeue Bold.otf in Resources */ = {isa = PBXBuildFile; fileRef = 9966CDFD2176465A00B6B694 /* BebasNeue Bold.otf */; };
		9966CE062176465A00B6B694 /* BebasNeue Bold.otf in Resources */ = {isa = PBXBuildFile; fileRef = 9966CDFD2176465A00B6B694 /* BebasNeue Bold.otf */; };
		9966CE0D2176465A00B6B694 /* BebasNeue Regular.otf in Resources */ = {isa = PBXBuildFile; fileRef = 9966CE002176465A00B6B694 /* BebasNeue Regular.otf */; };
		9966CE0E2176465A00B6B694 /* BebasNeue Regular.otf in Resources */ = {isa = PBXBuildFile; fileRef = 9966CE002176465A00B6B694 /* BebasNeue Regular.otf */; };
		9966CE0F2176465A00B6B694 /* BebasNeue Regular.otf in Resources */ = {isa = PBXBuildFile; fileRef = 9966CE002176465A00B6B694 /* BebasNeue Regular.otf */; };
		9966CE1121768C2500B6B694 /* EntryController.swift in Sources */ = {isa = PBXBuildFile; fileRef = 9966CE1021768C2500B6B694 /* EntryController.swift */; };
		9966CE1221768C2500B6B694 /* EntryController.swift in Sources */ = {isa = PBXBuildFile; fileRef = 9966CE1021768C2500B6B694 /* EntryController.swift */; };
/* End PBXBuildFile section */

/* Begin PBXContainerItemProxy section */
		9966CDD02176452C00B6B694 /* PBXContainerItemProxy */ = {
			isa = PBXContainerItemProxy;
			containerPortal = 9966CDB42176452A00B6B694 /* Project object */;
			proxyType = 1;
			remoteGlobalIDString = 9966CDCD2176452C00B6B694;
			remoteInfo = "TimeBoard WatchKit App";
		};
		9966CDDF2176452D00B6B694 /* PBXContainerItemProxy */ = {
			isa = PBXContainerItemProxy;
			containerPortal = 9966CDB42176452A00B6B694 /* Project object */;
			proxyType = 1;
			remoteGlobalIDString = 9966CDDC2176452D00B6B694;
			remoteInfo = "TimeBoard WatchKit Extension";
		};
/* End PBXContainerItemProxy section */

/* Begin PBXCopyFilesBuildPhase section */
		9966CDF02176452D00B6B694 /* Embed App Extensions */ = {
			isa = PBXCopyFilesBuildPhase;
			buildActionMask = 2147483647;
			dstPath = "";
			dstSubfolderSpec = 13;
			files = (
				9966CDDE2176452D00B6B694 /* TimeBoard WatchKit Extension.appex in Embed App Extensions */,
			);
			name = "Embed App Extensions";
			runOnlyForDeploymentPostprocessing = 0;
		};
		9966CDF42176452D00B6B694 /* Embed Watch Content */ = {
			isa = PBXCopyFilesBuildPhase;
			buildActionMask = 2147483647;
			dstPath = "$(CONTENTS_FOLDER_PATH)/Watch";
			dstSubfolderSpec = 16;
			files = (
				9966CDCF2176452C00B6B694 /* TimeBoard WatchKit App.app in Embed Watch Content */,
			);
			name = "Embed Watch Content";
			runOnlyForDeploymentPostprocessing = 0;
		};
/* End PBXCopyFilesBuildPhase section */

/* Begin PBXFileReference section */
		9908207021776027005C0F05 /* verbose1.png */ = {isa = PBXFileReference; lastKnownFileType = image.png; path = verbose1.png; sourceTree = "<group>"; };
		9908207121776027005C0F05 /* verbose3.png */ = {isa = PBXFileReference; lastKnownFileType = image.png; path = verbose3.png; sourceTree = "<group>"; };
		9908207221776027005C0F05 /* verbose2.png */ = {isa = PBXFileReference; lastKnownFileType = image.png; path = verbose2.png; sourceTree = "<group>"; };
		9966CDBC2176452B00B6B694 /* TimeBoard.app */ = {isa = PBXFileReference; explicitFileType = wrapper.application; includeInIndex = 0; path = TimeBoard.app; sourceTree = BUILT_PRODUCTS_DIR; };
		9966CDBF2176452B00B6B694 /* AppDelegate.swift */ = {isa = PBXFileReference; lastKnownFileType = sourcecode.swift; path = AppDelegate.swift; sourceTree = "<group>"; };
		9966CDC12176452B00B6B694 /* ViewController.swift */ = {isa = PBXFileReference; lastKnownFileType = sourcecode.swift; path = ViewController.swift; sourceTree = "<group>"; };
		9966CDC42176452B00B6B694 /* Base */ = {isa = PBXFileReference; lastKnownFileType = file.storyboard; name = Base; path = Base.lproj/Main.storyboard; sourceTree = "<group>"; };
		9966CDC62176452C00B6B694 /* Assets.xcassets */ = {isa = PBXFileReference; lastKnownFileType = folder.assetcatalog; path = Assets.xcassets; sourceTree = "<group>"; };
		9966CDC92176452C00B6B694 /* Base */ = {isa = PBXFileReference; lastKnownFileType = file.storyboard; name = Base; path = Base.lproj/LaunchScreen.storyboard; sourceTree = "<group>"; };
		9966CDCB2176452C00B6B694 /* Info.plist */ = {isa = PBXFileReference; lastKnownFileType = text.plist.xml; path = Info.plist; sourceTree = "<group>"; };
		9966CDCE2176452C00B6B694 /* TimeBoard WatchKit App.app */ = {isa = PBXFileReference; explicitFileType = wrapper.application; includeInIndex = 0; path = "TimeBoard WatchKit App.app"; sourceTree = BUILT_PRODUCTS_DIR; };
		9966CDD42176452C00B6B694 /* Base */ = {isa = PBXFileReference; lastKnownFileType = file.storyboard; name = Base; path = Base.lproj/Interface.storyboard; sourceTree = "<group>"; };
		9966CDD62176452D00B6B694 /* Assets.xcassets */ = {isa = PBXFileReference; lastKnownFileType = folder.assetcatalog; path = Assets.xcassets; sourceTree = "<group>"; };
		9966CDD82176452D00B6B694 /* Info.plist */ = {isa = PBXFileReference; lastKnownFileType = text.plist.xml; path = Info.plist; sourceTree = "<group>"; };
		9966CDDD2176452D00B6B694 /* TimeBoard WatchKit Extension.appex */ = {isa = PBXFileReference; explicitFileType = "wrapper.app-extension"; includeInIndex = 0; path = "TimeBoard WatchKit Extension.appex"; sourceTree = BUILT_PRODUCTS_DIR; };
		9966CDE22176452D00B6B694 /* InterfaceController.swift */ = {isa = PBXFileReference; lastKnownFileType = sourcecode.swift; path = InterfaceController.swift; sourceTree = "<group>"; };
		9966CDE42176452D00B6B694 /* ExtensionDelegate.swift */ = {isa = PBXFileReference; lastKnownFileType = sourcecode.swift; path = ExtensionDelegate.swift; sourceTree = "<group>"; };
		9966CDE62176452D00B6B694 /* ComplicationController.swift */ = {isa = PBXFileReference; lastKnownFileType = sourcecode.swift; path = ComplicationController.swift; sourceTree = "<group>"; };
		9966CDE82176452D00B6B694 /* Assets.xcassets */ = {isa = PBXFileReference; lastKnownFileType = folder.assetcatalog; path = Assets.xcassets; sourceTree = "<group>"; };
		9966CDEA2176452D00B6B694 /* Info.plist */ = {isa = PBXFileReference; lastKnownFileType = text.plist.xml; path = Info.plist; sourceTree = "<group>"; };
		9966CDFD2176465A00B6B694 /* BebasNeue Bold.otf */ = {isa = PBXFileReference; lastKnownFileType = file; path = "BebasNeue Bold.otf"; sourceTree = "<group>"; };
		9966CE002176465A00B6B694 /* BebasNeue Regular.otf */ = {isa = PBXFileReference; lastKnownFileType = file; path = "BebasNeue Regular.otf"; sourceTree = "<group>"; };
		9966CE1021768C2500B6B694 /* EntryController.swift */ = {isa = PBXFileReference; lastKnownFileType = sourcecode.swift; path = EntryController.swift; sourceTree = "<group>"; };
/* End PBXFileReference section */

/* Begin PBXFrameworksBuildPhase section */
		9966CDB92176452A00B6B694 /* Frameworks */ = {
			isa = PBXFrameworksBuildPhase;
			buildActionMask = 2147483647;
			files = (
			);
			runOnlyForDeploymentPostprocessing = 0;
		};
		9966CDDA2176452D00B6B694 /* Frameworks */ = {
			isa = PBXFrameworksBuildPhase;
			buildActionMask = 2147483647;
			files = (
			);
			runOnlyForDeploymentPostprocessing = 0;
		};
/* End PBXFrameworksBuildPhase section */

/* Begin PBXGroup section */
		9908206F21776027005C0F05 /* images */ = {
			isa = PBXGroup;
			children = (
				9908207021776027005C0F05 /* verbose1.png */,
				9908207121776027005C0F05 /* verbose3.png */,
				9908207221776027005C0F05 /* verbose2.png */,
			);
			name = images;
			path = resources/images;
			sourceTree = SOURCE_ROOT;
		};
		9966CDB32176452A00B6B694 = {
			isa = PBXGroup;
			children = (
				9966CDBE2176452B00B6B694 /* TimeBoard */,
				9966CDD22176452C00B6B694 /* TimeBoard WatchKit App */,
				9966CDE12176452D00B6B694 /* TimeBoard WatchKit Extension */,
				9966CDBD2176452B00B6B694 /* Products */,
			);
			sourceTree = "<group>";
		};
		9966CDBD2176452B00B6B694 /* Products */ = {
			isa = PBXGroup;
			children = (
				9966CDBC2176452B00B6B694 /* TimeBoard.app */,
				9966CDCE2176452C00B6B694 /* TimeBoard WatchKit App.app */,
				9966CDDD2176452D00B6B694 /* TimeBoard WatchKit Extension.appex */,
			);
			name = Products;
			sourceTree = "<group>";
		};
		9966CDBE2176452B00B6B694 /* TimeBoard */ = {
			isa = PBXGroup;
			children = (
				9908206F21776027005C0F05 /* images */,
				9966CDBF2176452B00B6B694 /* AppDelegate.swift */,
				9966CDC12176452B00B6B694 /* ViewController.swift */,
				9966CDC32176452B00B6B694 /* Main.storyboard */,
				9966CDC62176452C00B6B694 /* Assets.xcassets */,
				9966CDC82176452C00B6B694 /* LaunchScreen.storyboard */,
				9966CDCB2176452C00B6B694 /* Info.plist */,
				9966CDFD2176465A00B6B694 /* BebasNeue Bold.otf */,
				9966CE002176465A00B6B694 /* BebasNeue Regular.otf */,
			);
			path = TimeBoard;
			sourceTree = "<group>";
		};
		9966CDD22176452C00B6B694 /* TimeBoard WatchKit App */ = {
			isa = PBXGroup;
			children = (
				9966CDD32176452C00B6B694 /* Interface.storyboard */,
				9966CDD62176452D00B6B694 /* Assets.xcassets */,
				9966CDD82176452D00B6B694 /* Info.plist */,
			);
			path = "TimeBoard WatchKit App";
			sourceTree = "<group>";
		};
		9966CDE12176452D00B6B694 /* TimeBoard WatchKit Extension */ = {
			isa = PBXGroup;
			children = (
				9966CE1021768C2500B6B694 /* EntryController.swift */,
				9966CDE22176452D00B6B694 /* InterfaceController.swift */,
				9966CDE42176452D00B6B694 /* ExtensionDelegate.swift */,
				9966CDE62176452D00B6B694 /* ComplicationController.swift */,
				9966CDE82176452D00B6B694 /* Assets.xcassets */,
				9966CDEA2176452D00B6B694 /* Info.plist */,
			);
			path = "TimeBoard WatchKit Extension";
			sourceTree = "<group>";
		};
/* End PBXGroup section */

/* Begin PBXNativeTarget section */
		9966CDBB2176452A00B6B694 /* TimeBoard */ = {
			isa = PBXNativeTarget;
			buildConfigurationList = 9966CDF52176452D00B6B694 /* Build configuration list for PBXNativeTarget "TimeBoard" */;
			buildPhases = (
				9966CDB82176452A00B6B694 /* Sources */,
				9966CDB92176452A00B6B694 /* Frameworks */,
				9966CDBA2176452A00B6B694 /* Resources */,
				9966CDF42176452D00B6B694 /* Embed Watch Content */,
			);
			buildRules = (
			);
			dependencies = (
				9966CDD12176452C00B6B694 /* PBXTargetDependency */,
			);
			name = TimeBoard;
			productName = TimeBoard;
			productReference = 9966CDBC2176452B00B6B694 /* TimeBoard.app */;
			productType = "com.apple.product-type.application";
		};
		9966CDCD2176452C00B6B694 /* TimeBoard WatchKit App */ = {
			isa = PBXNativeTarget;
			buildConfigurationList = 9966CDF12176452D00B6B694 /* Build configuration list for PBXNativeTarget "TimeBoard WatchKit App" */;
			buildPhases = (
				9966CDCC2176452C00B6B694 /* Resources */,
				9966CDF02176452D00B6B694 /* Embed App Extensions */,
			);
			buildRules = (
			);
			dependencies = (
				9966CDE02176452D00B6B694 /* PBXTargetDependency */,
			);
			name = "TimeBoard WatchKit App";
			productName = "TimeBoard WatchKit App";
			productReference = 9966CDCE2176452C00B6B694 /* TimeBoard WatchKit App.app */;
			productType = "com.apple.product-type.application.watchapp2";
		};
		9966CDDC2176452D00B6B694 /* TimeBoard WatchKit Extension */ = {
			isa = PBXNativeTarget;
			buildConfigurationList = 9966CDED2176452D00B6B694 /* Build configuration list for PBXNativeTarget "TimeBoard WatchKit Extension" */;
			buildPhases = (
				9966CDD92176452D00B6B694 /* Sources */,
				9966CDDA2176452D00B6B694 /* Frameworks */,
				9966CDDB2176452D00B6B694 /* Resources */,
			);
			buildRules = (
			);
			dependencies = (
			);
			name = "TimeBoard WatchKit Extension";
			productName = "TimeBoard WatchKit Extension";
			productReference = 9966CDDD2176452D00B6B694 /* TimeBoard WatchKit Extension.appex */;
			productType = "com.apple.product-type.watchkit2-extension";
		};
/* End PBXNativeTarget section */

/* Begin PBXProject section */
		9966CDB42176452A00B6B694 /* Project object */ = {
			isa = PBXProject;
			attributes = {
				LastSwiftUpdateCheck = 1000;
				LastUpgradeCheck = 1000;
				ORGANIZATIONNAME = "Guillermo Suárez Asencio";
				TargetAttributes = {
					9966CDBB2176452A00B6B694 = {
						CreatedOnToolsVersion = 10.0;
					};
					9966CDCD2176452C00B6B694 = {
						CreatedOnToolsVersion = 10.0;
					};
					9966CDDC2176452D00B6B694 = {
						CreatedOnToolsVersion = 10.0;
					};
				};
			};
			buildConfigurationList = 9966CDB72176452A00B6B694 /* Build configuration list for PBXProject "TimeBoard" */;
			compatibilityVersion = "Xcode 9.3";
			developmentRegion = en;
			hasScannedForEncodings = 0;
			knownRegions = (
				en,
				Base,
			);
			mainGroup = 9966CDB32176452A00B6B694;
			productRefGroup = 9966CDBD2176452B00B6B694 /* Products */;
			projectDirPath = "";
			projectRoot = "";
			targets = (
				9966CDBB2176452A00B6B694 /* TimeBoard */,
				9966CDCD2176452C00B6B694 /* TimeBoard WatchKit App */,
				9966CDDC2176452D00B6B694 /* TimeBoard WatchKit Extension */,
			);
		};
/* End PBXProject section */

/* Begin PBXResourcesBuildPhase section */
		9966CDBA2176452A00B6B694 /* Resources */ = {
			isa = PBXResourcesBuildPhase;
			buildActionMask = 2147483647;
			files = (
				9908207421776027005C0F05 /* verbose3.png in Resources */,
				9966CDCA2176452C00B6B694 /* LaunchScreen.storyboard in Resources */,
				9966CDC72176452C00B6B694 /* Assets.xcassets in Resources */,
				9908207321776027005C0F05 /* verbose1.png in Resources */,
				9966CE042176465A00B6B694 /* BebasNeue Bold.otf in Resources */,
				9966CDC52176452B00B6B694 /* Main.storyboard in Resources */,
				9966CE0D2176465A00B6B694 /* BebasNeue Regular.otf in Resources */,
				9908207521776027005C0F05 /* verbose2.png in Resources */,
			);
			runOnlyForDeploymentPostprocessing = 0;
		};
		9966CDCC2176452C00B6B694 /* Resources */ = {
			isa = PBXResourcesBuildPhase;
			buildActionMask = 2147483647;
			files = (
				9966CE0E2176465A00B6B694 /* BebasNeue Regular.otf in Resources */,
				9966CE052176465A00B6B694 /* BebasNeue Bold.otf in Resources */,
				9966CDD72176452D00B6B694 /* Assets.xcassets in Resources */,
				9966CDD52176452C00B6B694 /* Interface.storyboard in Resources */,
			);
			runOnlyForDeploymentPostprocessing = 0;
		};
		9966CDDB2176452D00B6B694 /* Resources */ = {
			isa = PBXResourcesBuildPhase;
			buildActionMask = 2147483647;
			files = (
				9966CE062176465A00B6B694 /* BebasNeue Bold.otf in Resources */,
				9966CE0F2176465A00B6B694 /* BebasNeue Regular.otf in Resources */,
				9966CDE92176452D00B6B694 /* Assets.xcassets in Resources */,
			);
			runOnlyForDeploymentPostprocessing = 0;
		};
/* End PBXResourcesBuildPhase section */

/* Begin PBXSourcesBuildPhase section */
		9966CDB82176452A00B6B694 /* Sources */ = {
			isa = PBXSourcesBuildPhase;
			buildActionMask = 2147483647;
			files = (
				9966CE1121768C2500B6B694 /* EntryController.swift in Sources */,
				9966CDC22176452B00B6B694 /* ViewController.swift in Sources */,
				9966CDC02176452B00B6B694 /* AppDelegate.swift in Sources */,
			);
			runOnlyForDeploymentPostprocessing = 0;
		};
		9966CDD92176452D00B6B694 /* Sources */ = {
			isa = PBXSourcesBuildPhase;
			buildActionMask = 2147483647;
			files = (
				9966CDE52176452D00B6B694 /* ExtensionDelegate.swift in Sources */,
				9966CDE32176452D00B6B694 /* InterfaceController.swift in Sources */,
				9966CE1221768C2500B6B694 /* EntryController.swift in Sources */,
				9966CDE72176452D00B6B694 /* ComplicationController.swift in Sources */,
			);
			runOnlyForDeploymentPostprocessing = 0;
		};
/* End PBXSourcesBuildPhase section */

/* Begin PBXTargetDependency section */
		9966CDD12176452C00B6B694 /* PBXTargetDependency */ = {
			isa = PBXTargetDependency;
			target = 9966CDCD2176452C00B6B694 /* TimeBoard WatchKit App */;
			targetProxy = 9966CDD02176452C00B6B694 /* PBXContainerItemProxy */;
		};
		9966CDE02176452D00B6B694 /* PBXTargetDependency */ = {
			isa = PBXTargetDependency;
			target = 9966CDDC2176452D00B6B694 /* TimeBoard WatchKit Extension */;
			targetProxy = 9966CDDF2176452D00B6B694 /* PBXContainerItemProxy */;
		};
/* End PBXTargetDependency section */

/* Begin PBXVariantGroup section */
		9966CDC32176452B00B6B694 /* Main.storyboard */ = {
			isa = PBXVariantGroup;
			children = (
				9966CDC42176452B00B6B694 /* Base */,
			);
			name = Main.storyboard;
			sourceTree = "<group>";
		};
		9966CDC82176452C00B6B694 /* LaunchScreen.storyboard */ = {
			isa = PBXVariantGroup;
			children = (
				9966CDC92176452C00B6B694 /* Base */,
			);
			name = LaunchScreen.storyboard;
			sourceTree = "<group>";
		};
		9966CDD32176452C00B6B694 /* Interface.storyboard */ = {
			isa = PBXVariantGroup;
			children = (
				9966CDD42176452C00B6B694 /* Base */,
			);
			name = Interface.storyboard;
			sourceTree = "<group>";
		};
/* End PBXVariantGroup section */

/* Begin XCBuildConfiguration section */
		9966CDEB2176452D00B6B694 /* Debug */ = {
			isa = XCBuildConfiguration;
			buildSettings = {
				ALWAYS_SEARCH_USER_PATHS = NO;
				CLANG_ANALYZER_NONNULL = YES;
				CLANG_ANALYZER_NUMBER_OBJECT_CONVERSION = YES_AGGRESSIVE;
				CLANG_CXX_LANGUAGE_STANDARD = "gnu++14";
				CLANG_CXX_LIBRARY = "libc++";
				CLANG_ENABLE_MODULES = YES;
				CLANG_ENABLE_OBJC_ARC = YES;
				CLANG_ENABLE_OBJC_WEAK = YES;
				CLANG_WARN_BLOCK_CAPTURE_AUTORELEASING = YES;
				CLANG_WARN_BOOL_CONVERSION = YES;
				CLANG_WARN_COMMA = YES;
				CLANG_WARN_CONSTANT_CONVERSION = YES;
				CLANG_WARN_DEPRECATED_OBJC_IMPLEMENTATIONS = YES;
				CLANG_WARN_DIRECT_OBJC_ISA_USAGE = YES_ERROR;
				CLANG_WARN_DOCUMENTATION_COMMENTS = YES;
				CLANG_WARN_EMPTY_BODY = YES;
				CLANG_WARN_ENUM_CONVERSION = YES;
				CLANG_WARN_INFINITE_RECURSION = YES;
				CLANG_WARN_INT_CONVERSION = YES;
				CLANG_WARN_NON_LITERAL_NULL_CONVERSION = YES;
				CLANG_WARN_OBJC_IMPLICIT_RETAIN_SELF = YES;
				CLANG_WARN_OBJC_LITERAL_CONVERSION = YES;
				CLANG_WARN_OBJC_ROOT_CLASS = YES_ERROR;
				CLANG_WARN_RANGE_LOOP_ANALYSIS = YES;
				CLANG_WARN_STRICT_PROTOTYPES = YES;
				CLANG_WARN_SUSPICIOUS_MOVE = YES;
				CLANG_WARN_UNGUARDED_AVAILABILITY = YES_AGGRESSIVE;
				CLANG_WARN_UNREACHABLE_CODE = YES;
				CLANG_WARN__DUPLICATE_METHOD_MATCH = YES;
				CODE_SIGN_IDENTITY = "iPhone Developer";
				COPY_PHASE_STRIP = NO;
				DEBUG_INFORMATION_FORMAT = dwarf;
				ENABLE_STRICT_OBJC_MSGSEND = YES;
				ENABLE_TESTABILITY = YES;
				GCC_C_LANGUAGE_STANDARD = gnu11;
				GCC_DYNAMIC_NO_PIC = NO;
				GCC_NO_COMMON_BLOCKS = YES;
				GCC_OPTIMIZATION_LEVEL = 0;
				GCC_PREPROCESSOR_DEFINITIONS = (
					"DEBUG=1",
					"$(inherited)",
				);
				GCC_WARN_64_TO_32_BIT_CONVERSION = YES;
				GCC_WARN_ABOUT_RETURN_TYPE = YES_ERROR;
				GCC_WARN_UNDECLARED_SELECTOR = YES;
				GCC_WARN_UNINITIALIZED_AUTOS = YES_AGGRESSIVE;
				GCC_WARN_UNUSED_FUNCTION = YES;
				GCC_WARN_UNUSED_VARIABLE = YES;
				IPHONEOS_DEPLOYMENT_TARGET = 12.0;
				MTL_ENABLE_DEBUG_INFO = INCLUDE_SOURCE;
				MTL_FAST_MATH = YES;
				ONLY_ACTIVE_ARCH = YES;
				SDKROOT = iphoneos;
				SWIFT_ACTIVE_COMPILATION_CONDITIONS = DEBUG;
				SWIFT_OPTIMIZATION_LEVEL = "-Onone";
			};
			name = Debug;
		};
		9966CDEC2176452D00B6B694 /* Release */ = {
			isa = XCBuildConfiguration;
			buildSettings = {
				ALWAYS_SEARCH_USER_PATHS = NO;
				CLANG_ANALYZER_NONNULL = YES;
				CLANG_ANALYZER_NUMBER_OBJECT_CONVERSION = YES_AGGRESSIVE;
				CLANG_CXX_LANGUAGE_STANDARD = "gnu++14";
				CLANG_CXX_LIBRARY = "libc++";
				CLANG_ENABLE_MODULES = YES;
				CLANG_ENABLE_OBJC_ARC = YES;
				CLANG_ENABLE_OBJC_WEAK = YES;
				CLANG_WARN_BLOCK_CAPTURE_AUTORELEASING = YES;
				CLANG_WARN_BOOL_CONVERSION = YES;
				CLANG_WARN_COMMA = YES;
				CLANG_WARN_CONSTANT_CONVERSION = YES;
				CLANG_WARN_DEPRECATED_OBJC_IMPLEMENTATIONS = YES;
				CLANG_WARN_DIRECT_OBJC_ISA_USAGE = YES_ERROR;
				CLANG_WARN_DOCUMENTATION_COMMENTS = YES;
				CLANG_WARN_EMPTY_BODY = YES;
				CLANG_WARN_ENUM_CONVERSION = YES;
				CLANG_WARN_INFINITE_RECURSION = YES;
				CLANG_WARN_INT_CONVERSION = YES;
				CLANG_WARN_NON_LITERAL_NULL_CONVERSION = YES;
				CLANG_WARN_OBJC_IMPLICIT_RETAIN_SELF = YES;
				CLANG_WARN_OBJC_LITERAL_CONVERSION = YES;
				CLANG_WARN_OBJC_ROOT_CLASS = YES_ERROR;
				CLANG_WARN_RANGE_LOOP_ANALYSIS = YES;
				CLANG_WARN_STRICT_PROTOTYPES = YES;
				CLANG_WARN_SUSPICIOUS_MOVE = YES;
				CLANG_WARN_UNGUARDED_AVAILABILITY = YES_AGGRESSIVE;
				CLANG_WARN_UNREACHABLE_CODE = YES;
				CLANG_WARN__DUPLICATE_METHOD_MATCH = YES;
				CODE_SIGN_IDENTITY = "iPhone Developer";
				COPY_PHASE_STRIP = NO;
				DEBUG_INFORMATION_FORMAT = "dwarf-with-dsym";
				ENABLE_NS_ASSERTIONS = NO;
				ENABLE_STRICT_OBJC_MSGSEND = YES;
				GCC_C_LANGUAGE_STANDARD = gnu11;
				GCC_NO_COMMON_BLOCKS = YES;
				GCC_WARN_64_TO_32_BIT_CONVERSION = YES;
				GCC_WARN_ABOUT_RETURN_TYPE = YES_ERROR;
				GCC_WARN_UNDECLARED_SELECTOR = YES;
				GCC_WARN_UNINITIALIZED_AUTOS = YES_AGGRESSIVE;
				GCC_WARN_UNUSED_FUNCTION = YES;
				GCC_WARN_UNUSED_VARIABLE = YES;
				IPHONEOS_DEPLOYMENT_TARGET = 12.0;
				MTL_ENABLE_DEBUG_INFO = NO;
				MTL_FAST_MATH = YES;
				SDKROOT = iphoneos;
				SWIFT_COMPILATION_MODE = wholemodule;
				SWIFT_OPTIMIZATION_LEVEL = "-O";
				VALIDATE_PRODUCT = YES;
			};
			name = Release;
		};
		9966CDEE2176452D00B6B694 /* Debug */ = {
			isa = XCBuildConfiguration;
			buildSettings = {
				ASSETCATALOG_COMPILER_COMPLICATION_NAME = Complication;
				CODE_SIGN_STYLE = Automatic;
				DEVELOPMENT_TEAM = E64WP9AN4E;
				INFOPLIST_FILE = "TimeBoard WatchKit Extension/Info.plist";
				LD_RUNPATH_SEARCH_PATHS = (
					"$(inherited)",
					"@executable_path/Frameworks",
					"@executable_path/../../Frameworks",
				);
				PRODUCT_BUNDLE_IDENTIFIER = com.suarez.TimeBoard.watchkitapp.watchkitextension;
				PRODUCT_NAME = "${TARGET_NAME}";
				SDKROOT = watchos;
				SKIP_INSTALL = YES;
				SWIFT_VERSION = 4.2;
				TARGETED_DEVICE_FAMILY = 4;
				WATCHOS_DEPLOYMENT_TARGET = 5.0;
			};
			name = Debug;
		};
		9966CDEF2176452D00B6B694 /* Release */ = {
			isa = XCBuildConfiguration;
			buildSettings = {
				ASSETCATALOG_COMPILER_COMPLICATION_NAME = Complication;
				CODE_SIGN_STYLE = Automatic;
				DEVELOPMENT_TEAM = E64WP9AN4E;
				INFOPLIST_FILE = "TimeBoard WatchKit Extension/Info.plist";
				LD_RUNPATH_SEARCH_PATHS = (
					"$(inherited)",
					"@executable_path/Frameworks",
					"@executable_path/../../Frameworks",
				);
				PRODUCT_BUNDLE_IDENTIFIER = com.suarez.TimeBoard.watchkitapp.watchkitextension;
				PRODUCT_NAME = "${TARGET_NAME}";
				SDKROOT = watchos;
				SKIP_INSTALL = YES;
				SWIFT_VERSION = 4.2;
				TARGETED_DEVICE_FAMILY = 4;
				WATCHOS_DEPLOYMENT_TARGET = 5.0;
			};
			name = Release;
		};
		9966CDF22176452D00B6B694 /* Debug */ = {
			isa = XCBuildConfiguration;
			buildSettings = {
				ALWAYS_EMBED_SWIFT_STANDARD_LIBRARIES = YES;
				ASSETCATALOG_COMPILER_APPICON_NAME = AppIcon;
				CODE_SIGN_STYLE = Automatic;
				DEVELOPMENT_TEAM = E64WP9AN4E;
				IBSC_MODULE = TimeBoard_WatchKit_Extension;
				INFOPLIST_FILE = "TimeBoard WatchKit App/Info.plist";
				PRODUCT_BUNDLE_IDENTIFIER = com.suarez.TimeBoard.watchkitapp;
				PRODUCT_NAME = "$(TARGET_NAME)";
				SDKROOT = watchos;
				SKIP_INSTALL = YES;
				SWIFT_VERSION = 4.2;
				TARGETED_DEVICE_FAMILY = 4;
				WATCHOS_DEPLOYMENT_TARGET = 5.0;
			};
			name = Debug;
		};
		9966CDF32176452D00B6B694 /* Release */ = {
			isa = XCBuildConfiguration;
			buildSettings = {
				ALWAYS_EMBED_SWIFT_STANDARD_LIBRARIES = YES;
				ASSETCATALOG_COMPILER_APPICON_NAME = AppIcon;
				CODE_SIGN_STYLE = Automatic;
				DEVELOPMENT_TEAM = E64WP9AN4E;
				IBSC_MODULE = TimeBoard_WatchKit_Extension;
				INFOPLIST_FILE = "TimeBoard WatchKit App/Info.plist";
				PRODUCT_BUNDLE_IDENTIFIER = com.suarez.TimeBoard.watchkitapp;
				PRODUCT_NAME = "$(TARGET_NAME)";
				SDKROOT = watchos;
				SKIP_INSTALL = YES;
				SWIFT_VERSION = 4.2;
				TARGETED_DEVICE_FAMILY = 4;
				WATCHOS_DEPLOYMENT_TARGET = 5.0;
			};
			name = Release;
		};
		9966CDF62176452D00B6B694 /* Debug */ = {
			isa = XCBuildConfiguration;
			buildSettings = {
				ASSETCATALOG_COMPILER_APPICON_NAME = AppIcon;
				CODE_SIGN_STYLE = Automatic;
				DEVELOPMENT_TEAM = E64WP9AN4E;
				INFOPLIST_FILE = TimeBoard/Info.plist;
				LD_RUNPATH_SEARCH_PATHS = (
					"$(inherited)",
					"@executable_path/Frameworks",
				);
				PRODUCT_BUNDLE_IDENTIFIER = com.suarez.TimeBoard;
				PRODUCT_NAME = "$(TARGET_NAME)";
				SWIFT_VERSION = 4.2;
				TARGETED_DEVICE_FAMILY = "1,2";
			};
			name = Debug;
		};
		9966CDF72176452D00B6B694 /* Release */ = {
			isa = XCBuildConfiguration;
			buildSettings = {
				ASSETCATALOG_COMPILER_APPICON_NAME = AppIcon;
				CODE_SIGN_STYLE = Automatic;
				DEVELOPMENT_TEAM = E64WP9AN4E;
				INFOPLIST_FILE = TimeBoard/Info.plist;
				LD_RUNPATH_SEARCH_PATHS = (
					"$(inherited)",
					"@executable_path/Frameworks",
				);
				PRODUCT_BUNDLE_IDENTIFIER = com.suarez.TimeBoard;
				PRODUCT_NAME = "$(TARGET_NAME)";
				SWIFT_VERSION = 4.2;
				TARGETED_DEVICE_FAMILY = "1,2";
			};
			name = Release;
		};
/* End XCBuildConfiguration section */

/* Begin XCConfigurationList section */
		9966CDB72176452A00B6B694 /* Build configuration list for PBXProject "TimeBoard" */ = {
			isa = XCConfigurationList;
			buildConfigurations = (
				9966CDEB2176452D00B6B694 /* Debug */,
				9966CDEC2176452D00B6B694 /* Release */,
			);
			defaultConfigurationIsVisible = 0;
			defaultConfigurationName = Release;
		};
		9966CDED2176452D00B6B694 /* Build configuration list for PBXNativeTarget "TimeBoard WatchKit Extension" */ = {
			isa = XCConfigurationList;
			buildConfigurations = (
				9966CDEE2176452D00B6B694 /* Debug */,
				9966CDEF2176452D00B6B694 /* Release */,
			);
			defaultConfigurationIsVisible = 0;
			defaultConfigurationName = Release;
		};
		9966CDF12176452D00B6B694 /* Build configuration list for PBXNativeTarget "TimeBoard WatchKit App" */ = {
			isa = XCConfigurationList;
			buildConfigurations = (
				9966CDF22176452D00B6B694 /* Debug */,
				9966CDF32176452D00B6B694 /* Release */,
			);
			defaultConfigurationIsVisible = 0;
			defaultConfigurationName = Release;
		};
		9966CDF52176452D00B6B694 /* Build configuration list for PBXNativeTarget "TimeBoard" */ = {
			isa = XCConfigurationList;
			buildConfigurations = (
				9966CDF62176452D00B6B694 /* Debug */,
				9966CDF72176452D00B6B694 /* Release */,
			);
			defaultConfigurationIsVisible = 0;
			defaultConfigurationName = Release;
		};
/* End XCConfigurationList section */
	};
	rootObject = 9966CDB42176452A00B6B694 /* Project object */;
}
